// !$*UTF8*$!
{
	archiveVersion = 1;
	classes = {
	};
	objectVersion = 46;
	objects = {

/* Begin PBXBuildFile section */
		9D779C74ED9507E7B326BB14 /* Pods_AmaroTests.framework in Frameworks */ = {isa = PBXBuildFile; fileRef = BBD43BB5C6E8B22D045BC909 /* Pods_AmaroTests.framework */; };
		C2C8C6394BC3D4C66E606837 /* Pods_Amaro.framework in Frameworks */ = {isa = PBXBuildFile; fileRef = 4A0C1FE4A8ECC947CC3CCB1B /* Pods_Amaro.framework */; };
		C3A571431E244FC00035E52E /* AppDelegate.swift in Sources */ = {isa = PBXBuildFile; fileRef = C3A571421E244FC00035E52E /* AppDelegate.swift */; };
		C3A571481E244FC00035E52E /* Main.storyboard in Resources */ = {isa = PBXBuildFile; fileRef = C3A571461E244FC00035E52E /* Main.storyboard */; };
		C3A5714A1E244FC00035E52E /* Assets.xcassets in Resources */ = {isa = PBXBuildFile; fileRef = C3A571491E244FC00035E52E /* Assets.xcassets */; };
		C3A5714D1E244FC00035E52E /* LaunchScreen.storyboard in Resources */ = {isa = PBXBuildFile; fileRef = C3A5714B1E244FC00035E52E /* LaunchScreen.storyboard */; };
		C3A571581E244FC10035E52E /* AmaroTests.swift in Sources */ = {isa = PBXBuildFile; fileRef = C3A571571E244FC10035E52E /* AmaroTests.swift */; };
		C3A571651E24520B0035E52E /* CatalogViewController.swift in Sources */ = {isa = PBXBuildFile; fileRef = C3A571641E24520B0035E52E /* CatalogViewController.swift */; };
		C3A571671E2452E30035E52E /* CatalogModel.swift in Sources */ = {isa = PBXBuildFile; fileRef = C3A571661E2452E30035E52E /* CatalogModel.swift */; };
		C3A5716A1E2454BC0035E52E /* CartViewController.swift in Sources */ = {isa = PBXBuildFile; fileRef = C3A571691E2454BC0035E52E /* CartViewController.swift */; };
		C3A5716C1E2454C70035E52E /* CartModel.swift in Sources */ = {isa = PBXBuildFile; fileRef = C3A5716B1E2454C70035E52E /* CartModel.swift */; };
		C3A5716F1E2455AE0035E52E /* products.json in Resources */ = {isa = PBXBuildFile; fileRef = C3A5716E1E2455AE0035E52E /* products.json */; };
		C3A571721E2455E20035E52E /* Extensions.swift in Sources */ = {isa = PBXBuildFile; fileRef = C3A571711E2455E20035E52E /* Extensions.swift */; };
		C3A571741E24570F0035E52E /* Products.swift in Sources */ = {isa = PBXBuildFile; fileRef = C3A571731E24570F0035E52E /* Products.swift */; };
/* End PBXBuildFile section */

/* Begin PBXContainerItemProxy section */
		C3A571541E244FC10035E52E /* PBXContainerItemProxy */ = {
			isa = PBXContainerItemProxy;
			containerPortal = C3A571371E244FBF0035E52E /* Project object */;
			proxyType = 1;
			remoteGlobalIDString = C3A5713E1E244FC00035E52E;
			remoteInfo = Amaro;
		};
/* End PBXContainerItemProxy section */

/* Begin PBXFileReference section */
		4A0C1FE4A8ECC947CC3CCB1B /* Pods_Amaro.framework */ = {isa = PBXFileReference; explicitFileType = wrapper.framework; includeInIndex = 0; path = Pods_Amaro.framework; sourceTree = BUILT_PRODUCTS_DIR; };
		791A8C2100E1762580C17D60 /* Pods-AmaroTests.release.xcconfig */ = {isa = PBXFileReference; includeInIndex = 1; lastKnownFileType = text.xcconfig; name = "Pods-AmaroTests.release.xcconfig"; path = "Pods/Target Support Files/Pods-AmaroTests/Pods-AmaroTests.release.xcconfig"; sourceTree = "<group>"; };
		98E8E2343754CFF09D607F00 /* Pods-Amaro.release.xcconfig */ = {isa = PBXFileReference; includeInIndex = 1; lastKnownFileType = text.xcconfig; name = "Pods-Amaro.release.xcconfig"; path = "Pods/Target Support Files/Pods-Amaro/Pods-Amaro.release.xcconfig"; sourceTree = "<group>"; };
		BBD43BB5C6E8B22D045BC909 /* Pods_AmaroTests.framework */ = {isa = PBXFileReference; explicitFileType = wrapper.framework; includeInIndex = 0; path = Pods_AmaroTests.framework; sourceTree = BUILT_PRODUCTS_DIR; };
		C3A5713F1E244FC00035E52E /* Amaro.app */ = {isa = PBXFileReference; explicitFileType = wrapper.application; includeInIndex = 0; path = Amaro.app; sourceTree = BUILT_PRODUCTS_DIR; };
		C3A571421E244FC00035E52E /* AppDelegate.swift */ = {isa = PBXFileReference; lastKnownFileType = sourcecode.swift; path = AppDelegate.swift; sourceTree = "<group>"; };
		C3A571471E244FC00035E52E /* Base */ = {isa = PBXFileReference; lastKnownFileType = file.storyboard; name = Base; path = Base.lproj/Main.storyboard; sourceTree = "<group>"; };
		C3A571491E244FC00035E52E /* Assets.xcassets */ = {isa = PBXFileReference; lastKnownFileType = folder.assetcatalog; path = Assets.xcassets; sourceTree = "<group>"; };
		C3A5714C1E244FC00035E52E /* Base */ = {isa = PBXFileReference; lastKnownFileType = file.storyboard; name = Base; path = Base.lproj/LaunchScreen.storyboard; sourceTree = "<group>"; };
		C3A5714E1E244FC00035E52E /* Info.plist */ = {isa = PBXFileReference; lastKnownFileType = text.plist.xml; path = Info.plist; sourceTree = "<group>"; };
		C3A571531E244FC10035E52E /* AmaroTests.xctest */ = {isa = PBXFileReference; explicitFileType = wrapper.cfbundle; includeInIndex = 0; path = AmaroTests.xctest; sourceTree = BUILT_PRODUCTS_DIR; };
		C3A571571E244FC10035E52E /* AmaroTests.swift */ = {isa = PBXFileReference; lastKnownFileType = sourcecode.swift; path = AmaroTests.swift; sourceTree = "<group>"; };
		C3A571591E244FC10035E52E /* Info.plist */ = {isa = PBXFileReference; lastKnownFileType = text.plist.xml; path = Info.plist; sourceTree = "<group>"; };
		C3A571641E24520B0035E52E /* CatalogViewController.swift */ = {isa = PBXFileReference; fileEncoding = 4; lastKnownFileType = sourcecode.swift; path = CatalogViewController.swift; sourceTree = "<group>"; };
		C3A571661E2452E30035E52E /* CatalogModel.swift */ = {isa = PBXFileReference; fileEncoding = 4; lastKnownFileType = sourcecode.swift; path = CatalogModel.swift; sourceTree = "<group>"; };
		C3A571691E2454BC0035E52E /* CartViewController.swift */ = {isa = PBXFileReference; fileEncoding = 4; lastKnownFileType = sourcecode.swift; path = CartViewController.swift; sourceTree = "<group>"; };
		C3A5716B1E2454C70035E52E /* CartModel.swift */ = {isa = PBXFileReference; fileEncoding = 4; lastKnownFileType = sourcecode.swift; path = CartModel.swift; sourceTree = "<group>"; };
		C3A5716E1E2455AE0035E52E /* products.json */ = {isa = PBXFileReference; fileEncoding = 4; lastKnownFileType = text.json; path = products.json; sourceTree = "<group>"; };
		C3A571711E2455E20035E52E /* Extensions.swift */ = {isa = PBXFileReference; fileEncoding = 4; lastKnownFileType = sourcecode.swift; path = Extensions.swift; sourceTree = "<group>"; };
		C3A571731E24570F0035E52E /* Products.swift */ = {isa = PBXFileReference; fileEncoding = 4; lastKnownFileType = sourcecode.swift; path = Products.swift; sourceTree = "<group>"; };
		FAA5413BD530F5C8CB885D83 /* Pods-AmaroTests.debug.xcconfig */ = {isa = PBXFileReference; includeInIndex = 1; lastKnownFileType = text.xcconfig; name = "Pods-AmaroTests.debug.xcconfig"; path = "Pods/Target Support Files/Pods-AmaroTests/Pods-AmaroTests.debug.xcconfig"; sourceTree = "<group>"; };
		FC27517C955ED5724EE4AA1F /* Pods-Amaro.debug.xcconfig */ = {isa = PBXFileReference; includeInIndex = 1; lastKnownFileType = text.xcconfig; name = "Pods-Amaro.debug.xcconfig"; path = "Pods/Target Support Files/Pods-Amaro/Pods-Amaro.debug.xcconfig"; sourceTree = "<group>"; };
/* End PBXFileReference section */

/* Begin PBXFrameworksBuildPhase section */
		C3A5713C1E244FC00035E52E /* Frameworks */ = {
			isa = PBXFrameworksBuildPhase;
			buildActionMask = 2147483647;
			files = (
				C2C8C6394BC3D4C66E606837 /* Pods_Amaro.framework in Frameworks */,
			);
			runOnlyForDeploymentPostprocessing = 0;
		};
		C3A571501E244FC10035E52E /* Frameworks */ = {
			isa = PBXFrameworksBuildPhase;
			buildActionMask = 2147483647;
			files = (
				9D779C74ED9507E7B326BB14 /* Pods_AmaroTests.framework in Frameworks */,
			);
			runOnlyForDeploymentPostprocessing = 0;
		};
/* End PBXFrameworksBuildPhase section */

/* Begin PBXGroup section */
		4BBE493CA5F289810A97D9D3 /* Pods */ = {
			isa = PBXGroup;
			children = (
				FC27517C955ED5724EE4AA1F /* Pods-Amaro.debug.xcconfig */,
				98E8E2343754CFF09D607F00 /* Pods-Amaro.release.xcconfig */,
				FAA5413BD530F5C8CB885D83 /* Pods-AmaroTests.debug.xcconfig */,
				791A8C2100E1762580C17D60 /* Pods-AmaroTests.release.xcconfig */,
			);
			name = Pods;
			sourceTree = "<group>";
		};
		C3A571361E244FBF0035E52E = {
			isa = PBXGroup;
			children = (
				C3A571411E244FC00035E52E /* Amaro */,
				C3A571561E244FC10035E52E /* AmaroTests */,
				C3A571401E244FC00035E52E /* Products */,
				4BBE493CA5F289810A97D9D3 /* Pods */,
				EFF164D99ACE09097CFD4AB0 /* Frameworks */,
			);
			sourceTree = "<group>";
		};
		C3A571401E244FC00035E52E /* Products */ = {
			isa = PBXGroup;
			children = (
				C3A5713F1E244FC00035E52E /* Amaro.app */,
				C3A571531E244FC10035E52E /* AmaroTests.xctest */,
			);
			name = Products;
			sourceTree = "<group>";
		};
		C3A571411E244FC00035E52E /* Amaro */ = {
			isa = PBXGroup;
			children = (
				C3A571461E244FC00035E52E /* Main.storyboard */,
				C3A571631E2451E80035E52E /* Catalog */,
				C3A571681E2452EB0035E52E /* Cart */,
				C3A571701E2455D00035E52E /* Utils */,
				C3A5716D1E2455970035E52E /* Data */,
				C3A571751E24572E0035E52E /* Objects */,
				C3A571621E2451650035E52E /* General */,
				C3A571491E244FC00035E52E /* Assets.xcassets */,
				C3A5714B1E244FC00035E52E /* LaunchScreen.storyboard */,
				C3A5714E1E244FC00035E52E /* Info.plist */,
			);
			path = Amaro;
			sourceTree = "<group>";
		};
		C3A571561E244FC10035E52E /* AmaroTests */ = {
			isa = PBXGroup;
			children = (
				C3A571571E244FC10035E52E /* AmaroTests.swift */,
				C3A571591E244FC10035E52E /* Info.plist */,
			);
			path = AmaroTests;
			sourceTree = "<group>";
		};
		C3A571621E2451650035E52E /* General */ = {
			isa = PBXGroup;
			children = (
				C3A571421E244FC00035E52E /* AppDelegate.swift */,
			);
			name = General;
			sourceTree = "<group>";
		};
		C3A571631E2451E80035E52E /* Catalog */ = {
			isa = PBXGroup;
			children = (
				C3A571641E24520B0035E52E /* CatalogViewController.swift */,
				C3A571661E2452E30035E52E /* CatalogModel.swift */,
			);
			name = Catalog;
			sourceTree = "<group>";
		};
		C3A571681E2452EB0035E52E /* Cart */ = {
			isa = PBXGroup;
			children = (
				C3A571691E2454BC0035E52E /* CartViewController.swift */,
				C3A5716B1E2454C70035E52E /* CartModel.swift */,
			);
			name = Cart;
			sourceTree = "<group>";
		};
		C3A5716D1E2455970035E52E /* Data */ = {
			isa = PBXGroup;
			children = (
				C3A5716E1E2455AE0035E52E /* products.json */,
			);
			name = Data;
			sourceTree = "<group>";
		};
		C3A571701E2455D00035E52E /* Utils */ = {
			isa = PBXGroup;
			children = (
				C3A571711E2455E20035E52E /* Extensions.swift */,
			);
			name = Utils;
			sourceTree = "<group>";
		};
		C3A571751E24572E0035E52E /* Objects */ = {
			isa = PBXGroup;
			children = (
				C3A571731E24570F0035E52E /* Products.swift */,
			);
			name = Objects;
			sourceTree = "<group>";
		};
		EFF164D99ACE09097CFD4AB0 /* Frameworks */ = {
			isa = PBXGroup;
			children = (
				4A0C1FE4A8ECC947CC3CCB1B /* Pods_Amaro.framework */,
				BBD43BB5C6E8B22D045BC909 /* Pods_AmaroTests.framework */,
			);
			name = Frameworks;
			sourceTree = "<group>";
		};
/* End PBXGroup section */

/* Begin PBXNativeTarget section */
		C3A5713E1E244FC00035E52E /* Amaro */ = {
			isa = PBXNativeTarget;
			buildConfigurationList = C3A5715C1E244FC10035E52E /* Build configuration list for PBXNativeTarget "Amaro" */;
			buildPhases = (
				FA02379BFA1229D8357FCA86 /* [CP] Check Pods Manifest.lock */,
				C3A5713B1E244FC00035E52E /* Sources */,
				C3A5713C1E244FC00035E52E /* Frameworks */,
				C3A5713D1E244FC00035E52E /* Resources */,
				A86D07EB390EE61A44D46D90 /* [CP] Embed Pods Frameworks */,
				B037D807FD5F5F0E442BEC23 /* [CP] Copy Pods Resources */,
			);
			buildRules = (
			);
			dependencies = (
			);
			name = Amaro;
			productName = Amaro;
			productReference = C3A5713F1E244FC00035E52E /* Amaro.app */;
			productType = "com.apple.product-type.application";
		};
		C3A571521E244FC10035E52E /* AmaroTests */ = {
			isa = PBXNativeTarget;
			buildConfigurationList = C3A5715F1E244FC10035E52E /* Build configuration list for PBXNativeTarget "AmaroTests" */;
			buildPhases = (
				062269C71619763A721CE6E0 /* [CP] Check Pods Manifest.lock */,
				C3A5714F1E244FC10035E52E /* Sources */,
				C3A571501E244FC10035E52E /* Frameworks */,
				C3A571511E244FC10035E52E /* Resources */,
				3C10BBDEB1221472C5363F8A /* [CP] Embed Pods Frameworks */,
				81CD02BAAF2788C76EC4FB82 /* [CP] Copy Pods Resources */,
			);
			buildRules = (
			);
			dependencies = (
				C3A571551E244FC10035E52E /* PBXTargetDependency */,
			);
			name = AmaroTests;
			productName = AmaroTests;
			productReference = C3A571531E244FC10035E52E /* AmaroTests.xctest */;
			productType = "com.apple.product-type.bundle.unit-test";
		};
/* End PBXNativeTarget section */

/* Begin PBXProject section */
		C3A571371E244FBF0035E52E /* Project object */ = {
			isa = PBXProject;
			attributes = {
				LastSwiftUpdateCheck = 0820;
				LastUpgradeCheck = 0820;
				ORGANIZATIONNAME = "Diego Cavalcante Costa";
				TargetAttributes = {
					C3A5713E1E244FC00035E52E = {
						CreatedOnToolsVersion = 8.2.1;
						DevelopmentTeam = UD45WCJZR5;
						ProvisioningStyle = Automatic;
					};
					C3A571521E244FC10035E52E = {
						CreatedOnToolsVersion = 8.2.1;
						ProvisioningStyle = Automatic;
						TestTargetID = C3A5713E1E244FC00035E52E;
					};
				};
			};
			buildConfigurationList = C3A5713A1E244FBF0035E52E /* Build configuration list for PBXProject "Amaro" */;
			compatibilityVersion = "Xcode 3.2";
			developmentRegion = English;
			hasScannedForEncodings = 0;
			knownRegions = (
				en,
				Base,
			);
			mainGroup = C3A571361E244FBF0035E52E;
			productRefGroup = C3A571401E244FC00035E52E /* Products */;
			projectDirPath = "";
			projectRoot = "";
			targets = (
				C3A5713E1E244FC00035E52E /* Amaro */,
				C3A571521E244FC10035E52E /* AmaroTests */,
			);
		};
/* End PBXProject section */

/* Begin PBXResourcesBuildPhase section */
		C3A5713D1E244FC00035E52E /* Resources */ = {
			isa = PBXResourcesBuildPhase;
			buildActionMask = 2147483647;
			files = (
				C3A5714D1E244FC00035E52E /* LaunchScreen.storyboard in Resources */,
				C3A5716F1E2455AE0035E52E /* products.json in Resources */,
				C3A5714A1E244FC00035E52E /* Assets.xcassets in Resources */,
				C3A571481E244FC00035E52E /* Main.storyboard in Resources */,
			);
			runOnlyForDeploymentPostprocessing = 0;
		};
		C3A571511E244FC10035E52E /* Resources */ = {
			isa = PBXResourcesBuildPhase;
			buildActionMask = 2147483647;
			files = (
			);
			runOnlyForDeploymentPostprocessing = 0;
		};
/* End PBXResourcesBuildPhase section */

/* Begin PBXShellScriptBuildPhase section */
		062269C71619763A721CE6E0 /* [CP] Check Pods Manifest.lock */ = {
			isa = PBXShellScriptBuildPhase;
			buildActionMask = 2147483647;
			files = (
			);
			inputPaths = (
			);
			name = "[CP] Check Pods Manifest.lock";
			outputPaths = (
			);
			runOnlyForDeploymentPostprocessing = 0;
			shellPath = /bin/sh;
			shellScript = "diff \"${PODS_ROOT}/../Podfile.lock\" \"${PODS_ROOT}/Manifest.lock\" > /dev/null\nif [[ $? != 0 ]] ; then\n    cat << EOM\nerror: The sandbox is not in sync with the Podfile.lock. Run 'pod install' or update your CocoaPods installation.\nEOM\n    exit 1\nfi\n";
			showEnvVarsInLog = 0;
		};
		3C10BBDEB1221472C5363F8A /* [CP] Embed Pods Frameworks */ = {
			isa = PBXShellScriptBuildPhase;
			buildActionMask = 2147483647;
			files = (
			);
			inputPaths = (
			);
			name = "[CP] Embed Pods Frameworks";
			outputPaths = (
			);
			runOnlyForDeploymentPostprocessing = 0;
			shellPath = /bin/sh;
			shellScript = "\"${SRCROOT}/Pods/Target Support Files/Pods-AmaroTests/Pods-AmaroTests-frameworks.sh\"\n";
			showEnvVarsInLog = 0;
		};
		81CD02BAAF2788C76EC4FB82 /* [CP] Copy Pods Resources */ = {
			isa = PBXShellScriptBuildPhase;
			buildActionMask = 2147483647;
			files = (
			);
			inputPaths = (
			);
			name = "[CP] Copy Pods Resources";
			outputPaths = (
			);
			runOnlyForDeploymentPostprocessing = 0;
			shellPath = /bin/sh;
			shellScript = "\"${SRCROOT}/Pods/Target Support Files/Pods-AmaroTests/Pods-AmaroTests-resources.sh\"\n";
			showEnvVarsInLog = 0;
		};
		A86D07EB390EE61A44D46D90 /* [CP] Embed Pods Frameworks */ = {
			isa = PBXShellScriptBuildPhase;
			buildActionMask = 2147483647;
			files = (
			);
			inputPaths = (
			);
			name = "[CP] Embed Pods Frameworks";
			outputPaths = (
			);
			runOnlyForDeploymentPostprocessing = 0;
			shellPath = /bin/sh;
			shellScript = "\"${SRCROOT}/Pods/Target Support Files/Pods-Amaro/Pods-Amaro-frameworks.sh\"\n";
			showEnvVarsInLog = 0;
		};
		B037D807FD5F5F0E442BEC23 /* [CP] Copy Pods Resources */ = {
			isa = PBXShellScriptBuildPhase;
			buildActionMask = 2147483647;
			files = (
			);
			inputPaths = (
			);
			name = "[CP] Copy Pods Resources";
			outputPaths = (
			);
			runOnlyForDeploymentPostprocessing = 0;
			shellPath = /bin/sh;
			shellScript = "\"${SRCROOT}/Pods/Target Support Files/Pods-Amaro/Pods-Amaro-resources.sh\"\n";
			showEnvVarsInLog = 0;
		};
		FA02379BFA1229D8357FCA86 /* [CP] Check Pods Manifest.lock */ = {
			isa = PBXShellScriptBuildPhase;
			buildActionMask = 2147483647;
			files = (
			);
			inputPaths = (
			);
			name = "[CP] Check Pods Manifest.lock";
			outputPaths = (
			);
			runOnlyForDeploymentPostprocessing = 0;
			shellPath = /bin/sh;
			shellScript = "diff \"${PODS_ROOT}/../Podfile.lock\" \"${PODS_ROOT}/Manifest.lock\" > /dev/null\nif [[ $? != 0 ]] ; then\n    cat << EOM\nerror: The sandbox is not in sync with the Podfile.lock. Run 'pod install' or update your CocoaPods installation.\nEOM\n    exit 1\nfi\n";
			showEnvVarsInLog = 0;
		};
/* End PBXShellScriptBuildPhase section */

/* Begin PBXSourcesBuildPhase section */
		C3A5713B1E244FC00035E52E /* Sources */ = {
			isa = PBXSourcesBuildPhase;
			buildActionMask = 2147483647;
			files = (
				C3A571651E24520B0035E52E /* CatalogViewController.swift in Sources */,
				C3A571721E2455E20035E52E /* Extensions.swift in Sources */,
				C3A571671E2452E30035E52E /* CatalogModel.swift in Sources */,
				C3A571741E24570F0035E52E /* Products.swift in Sources */,
				C3A5716A1E2454BC0035E52E /* CartViewController.swift in Sources */,
				C3A5716C1E2454C70035E52E /* CartModel.swift in Sources */,
				C3A571431E244FC00035E52E /* AppDelegate.swift in Sources */,
			);
			runOnlyForDeploymentPostprocessing = 0;
		};
		C3A5714F1E244FC10035E52E /* Sources */ = {
			isa = PBXSourcesBuildPhase;
			buildActionMask = 2147483647;
			files = (
				C3A571581E244FC10035E52E /* AmaroTests.swift in Sources */,
			);
			runOnlyForDeploymentPostprocessing = 0;
		};
/* End PBXSourcesBuildPhase section */

/* Begin PBXTargetDependency section */
		C3A571551E244FC10035E52E /* PBXTargetDependency */ = {
			isa = PBXTargetDependency;
			target = C3A5713E1E244FC00035E52E /* Amaro */;
			targetProxy = C3A571541E244FC10035E52E /* PBXContainerItemProxy */;
		};
/* End PBXTargetDependency section */

/* Begin PBXVariantGroup section */
		C3A571461E244FC00035E52E /* Main.storyboard */ = {
			isa = PBXVariantGroup;
			children = (
				C3A571471E244FC00035E52E /* Base */,
			);
			name = Main.storyboard;
			sourceTree = "<group>";
		};
		C3A5714B1E244FC00035E52E /* LaunchScreen.storyboard */ = {
			isa = PBXVariantGroup;
			children = (
				C3A5714C1E244FC00035E52E /* Base */,
			);
			name = LaunchScreen.storyboard;
			sourceTree = "<group>";
		};
/* End PBXVariantGroup section */

/* Begin XCBuildConfiguration section */
		C3A5715A1E244FC10035E52E /* Debug */ = {
			isa = XCBuildConfiguration;
			buildSettings = {
				ALWAYS_SEARCH_USER_PATHS = NO;
				CLANG_ANALYZER_NONNULL = YES;
				CLANG_CXX_LANGUAGE_STANDARD = "gnu++0x";
				CLANG_CXX_LIBRARY = "libc++";
				CLANG_ENABLE_MODULES = YES;
				CLANG_ENABLE_OBJC_ARC = YES;
				CLANG_WARN_BOOL_CONVERSION = YES;
				CLANG_WARN_CONSTANT_CONVERSION = YES;
				CLANG_WARN_DIRECT_OBJC_ISA_USAGE = YES_ERROR;
				CLANG_WARN_DOCUMENTATION_COMMENTS = YES;
				CLANG_WARN_EMPTY_BODY = YES;
				CLANG_WARN_ENUM_CONVERSION = YES;
				CLANG_WARN_INFINITE_RECURSION = YES;
				CLANG_WARN_INT_CONVERSION = YES;
				CLANG_WARN_OBJC_ROOT_CLASS = YES_ERROR;
				CLANG_WARN_SUSPICIOUS_MOVE = YES;
				CLANG_WARN_UNREACHABLE_CODE = YES;
				CLANG_WARN__DUPLICATE_METHOD_MATCH = YES;
				"CODE_SIGN_IDENTITY[sdk=iphoneos*]" = "iPhone Developer";
				COPY_PHASE_STRIP = NO;
				DEBUG_INFORMATION_FORMAT = dwarf;
				ENABLE_STRICT_OBJC_MSGSEND = YES;
				ENABLE_TESTABILITY = YES;
				GCC_C_LANGUAGE_STANDARD = gnu99;
				GCC_DYNAMIC_NO_PIC = NO;
				GCC_NO_COMMON_BLOCKS = YES;
				GCC_OPTIMIZATION_LEVEL = 0;
				GCC_PREPROCESSOR_DEFINITIONS = (
					"DEBUG=1",
					"$(inherited)",
				);
				GCC_WARN_64_TO_32_BIT_CONVERSION = YES;
				GCC_WARN_ABOUT_RETURN_TYPE = YES_ERROR;
				GCC_WARN_UNDECLARED_SELECTOR = YES;
				GCC_WARN_UNINITIALIZED_AUTOS = YES_AGGRESSIVE;
				GCC_WARN_UNUSED_FUNCTION = YES;
				GCC_WARN_UNUSED_VARIABLE = YES;
				IPHONEOS_DEPLOYMENT_TARGET = 10.2;
				MTL_ENABLE_DEBUG_INFO = YES;
				ONLY_ACTIVE_ARCH = YES;
				SDKROOT = iphoneos;
				SWIFT_ACTIVE_COMPILATION_CONDITIONS = DEBUG;
				SWIFT_OPTIMIZATION_LEVEL = "-Onone";
			};
			name = Debug;
		};
		C3A5715B1E244FC10035E52E /* Release */ = {
			isa = XCBuildConfiguration;
			buildSettings = {
				ALWAYS_SEARCH_USER_PATHS = NO;
				CLANG_ANALYZER_NONNULL = YES;
				CLANG_CXX_LANGUAGE_STANDARD = "gnu++0x";
				CLANG_CXX_LIBRARY = "libc++";
				CLANG_ENABLE_MODULES = YES;
				CLANG_ENABLE_OBJC_ARC = YES;
				CLANG_WARN_BOOL_CONVERSION = YES;
				CLANG_WARN_CONSTANT_CONVERSION = YES;
				CLANG_WARN_DIRECT_OBJC_ISA_USAGE = YES_ERROR;
				CLANG_WARN_DOCUMENTATION_COMMENTS = YES;
				CLANG_WARN_EMPTY_BODY = YES;
				CLANG_WARN_ENUM_CONVERSION = YES;
				CLANG_WARN_INFINITE_RECURSION = YES;
				CLANG_WARN_INT_CONVERSION = YES;
				CLANG_WARN_OBJC_ROOT_CLASS = YES_ERROR;
				CLANG_WARN_SUSPICIOUS_MOVE = YES;
				CLANG_WARN_UNREACHABLE_CODE = YES;
				CLANG_WARN__DUPLICATE_METHOD_MATCH = YES;
				"CODE_SIGN_IDENTITY[sdk=iphoneos*]" = "iPhone Developer";
				COPY_PHASE_STRIP = NO;
				DEBUG_INFORMATION_FORMAT = "dwarf-with-dsym";
				ENABLE_NS_ASSERTIONS = NO;
				ENABLE_STRICT_OBJC_MSGSEND = YES;
				GCC_C_LANGUAGE_STANDARD = gnu99;
				GCC_NO_COMMON_BLOCKS = YES;
				GCC_WARN_64_TO_32_BIT_CONVERSION = YES;
				GCC_WARN_ABOUT_RETURN_TYPE = YES_ERROR;
				GCC_WARN_UNDECLARED_SELECTOR = YES;
				GCC_WARN_UNINITIALIZED_AUTOS = YES_AGGRESSIVE;
				GCC_WARN_UNUSED_FUNCTION = YES;
				GCC_WARN_UNUSED_VARIABLE = YES;
				IPHONEOS_DEPLOYMENT_TARGET = 10.2;
				MTL_ENABLE_DEBUG_INFO = NO;
				SDKROOT = iphoneos;
				SWIFT_OPTIMIZATION_LEVEL = "-Owholemodule";
				VALIDATE_PRODUCT = YES;
			};
			name = Release;
		};
		C3A5715D1E244FC10035E52E /* Debug */ = {
			isa = XCBuildConfiguration;
			baseConfigurationReference = FC27517C955ED5724EE4AA1F /* Pods-Amaro.debug.xcconfig */;
			buildSettings = {
				ASSETCATALOG_COMPILER_APPICON_NAME = AppIcon;
				DEVELOPMENT_TEAM = UD45WCJZR5;
				INFOPLIST_FILE = Amaro/Info.plist;
				LD_RUNPATH_SEARCH_PATHS = "$(inherited) @executable_path/Frameworks";
				PRODUCT_BUNDLE_IDENTIFIER = br.com.diego.cavalcante.Amaro;
				PRODUCT_NAME = "$(TARGET_NAME)";
				SWIFT_VERSION = 3.0;
			};
			name = Debug;
		};
		C3A5715E1E244FC10035E52E /* Release */ = {
			isa = XCBuildConfiguration;
			baseConfigurationReference = 98E8E2343754CFF09D607F00 /* Pods-Amaro.release.xcconfig */;
			buildSettings = {
				ASSETCATALOG_COMPILER_APPICON_NAME = AppIcon;
				DEVELOPMENT_TEAM = UD45WCJZR5;
				INFOPLIST_FILE = Amaro/Info.plist;
				LD_RUNPATH_SEARCH_PATHS = "$(inherited) @executable_path/Frameworks";
				PRODUCT_BUNDLE_IDENTIFIER = br.com.diego.cavalcante.Amaro;
				PRODUCT_NAME = "$(TARGET_NAME)";
				SWIFT_VERSION = 3.0;
			};
			name = Release;
		};
		C3A571601E244FC10035E52E /* Debug */ = {
			isa = XCBuildConfiguration;
			baseConfigurationReference = FAA5413BD530F5C8CB885D83 /* Pods-AmaroTests.debug.xcconfig */;
			buildSettings = {
				ALWAYS_EMBED_SWIFT_STANDARD_LIBRARIES = YES;
				BUNDLE_LOADER = "$(TEST_HOST)";
				INFOPLIST_FILE = AmaroTests/Info.plist;
				LD_RUNPATH_SEARCH_PATHS = "$(inherited) @executable_path/Frameworks @loader_path/Frameworks";
				PRODUCT_BUNDLE_IDENTIFIER = br.com.diego.cavalcante.AmaroTests;
				PRODUCT_NAME = "$(TARGET_NAME)";
				SWIFT_VERSION = 3.0;
				TEST_HOST = "$(BUILT_PRODUCTS_DIR)/Amaro.app/Amaro";
			};
			name = Debug;
		};
		C3A571611E244FC10035E52E /* Release */ = {
			isa = XCBuildConfiguration;
			baseConfigurationReference = 791A8C2100E1762580C17D60 /* Pods-AmaroTests.release.xcconfig */;
			buildSettings = {
				ALWAYS_EMBED_SWIFT_STANDARD_LIBRARIES = YES;
				BUNDLE_LOADER = "$(TEST_HOST)";
				INFOPLIST_FILE = AmaroTests/Info.plist;
				LD_RUNPATH_SEARCH_PATHS = "$(inherited) @executable_path/Frameworks @loader_path/Frameworks";
				PRODUCT_BUNDLE_IDENTIFIER = br.com.diego.cavalcante.AmaroTests;
				PRODUCT_NAME = "$(TARGET_NAME)";
				SWIFT_VERSION = 3.0;
				TEST_HOST = "$(BUILT_PRODUCTS_DIR)/Amaro.app/Amaro";
			};
			name = Release;
		};
/* End XCBuildConfiguration section */

/* Begin XCConfigurationList section */
		C3A5713A1E244FBF0035E52E /* Build configuration list for PBXProject "Amaro" */ = {
			isa = XCConfigurationList;
			buildConfigurations = (
				C3A5715A1E244FC10035E52E /* Debug */,
				C3A5715B1E244FC10035E52E /* Release */,
			);
			defaultConfigurationIsVisible = 0;
			defaultConfigurationName = Release;
		};
		C3A5715C1E244FC10035E52E /* Build configuration list for PBXNativeTarget "Amaro" */ = {
			isa = XCConfigurationList;
			buildConfigurations = (
				C3A5715D1E244FC10035E52E /* Debug */,
				C3A5715E1E244FC10035E52E /* Release */,
			);
			defaultConfigurationIsVisible = 0;
			defaultConfigurationName = Release;
		};
		C3A5715F1E244FC10035E52E /* Build configuration list for PBXNativeTarget "AmaroTests" */ = {
			isa = XCConfigurationList;
			buildConfigurations = (
				C3A571601E244FC10035E52E /* Debug */,
				C3A571611E244FC10035E52E /* Release */,
			);
			defaultConfigurationIsVisible = 0;
			defaultConfigurationName = Release;
		};
/* End XCConfigurationList section */
	};
	rootObject = C3A571371E244FBF0035E52E /* Project object */;
}
